Microsoft Visual Studio Solution File, Format Version 12.00
# Visual Studio Version 17
VisualStudioVersion = 17.5.2.0
MinimumVisualStudioVersion = 10.0.40219.1
Project("{FAE04EC0-301F-11D3-BF4B-00C04F79EFBC}") = "MinecraftMapServer", "MinecraftMapServer.csproj", "{03616EE5-4CB6-72F7-6086-05567D44F15B}"
EndProject
Global
	GlobalSection(SolutionConfigurationPlatforms) = preSolution
		Debug|Any CPU = Debug|Any CPU
		Release|Any CPU = Release|Any CPU
	EndGlobalSection
	GlobalSection(ProjectConfigurationPlatforms) = postSolution
		{03616EE5-4CB6-72F7-6086-05567D44F15B}.Debug|Any CPU.ActiveCfg = Debug|Any CPU
		{03616EE5-4CB6-72F7-6086-05567D44F15B}.Debug|Any CPU.Build.0 = Debug|Any CPU
		{03616EE5-4CB6-72F7-6086-05567D44F15B}.Release|Any CPU.ActiveCfg = Release|Any CPU
		{03616EE5-4CB6-72F7-6086-05567D44F15B}.Release|Any CPU.Build.0 = Release|Any CPU
	EndGlobalSection
	GlobalSection(SolutionProperties) = preSolution
		HideSolutionNode = FALSE
	EndGlobalSection
	GlobalSection(ExtensibilityGlobals) = postSolution
		SolutionGuid = {C207B225-215D-4C84-9786-9E353202831C}
	EndGlobalSection
EndGlobal
